
Microsoft Visual Studio Solution File, Format Version 12.00
# Visual Studio Version 17
VisualStudioVersion = 17.14.36603.0
MinimumVisualStudioVersion = 10.0.40219.1
Project("{FAE04EC0-301F-11D3-BF4B-00C04F79EFBC}") = "CrimeCity", "CrimeCity.csproj", "{C58B3793-0858-4EA2-B2AB-00D9FD1D0610}"
EndProject
Project("{FAE04EC0-301F-11D3-BF4B-00C04F79EFBC}") = "TrapperTown.Tests", "..\TrapperTown.Tests\TrapperTown.Tests.csproj", "{35612F88-F39D-4A2D-8C86-CCFC6ADB25E7}"
EndProject
Global
	GlobalSection(SolutionConfigurationPlatforms) = preSolution
		Debug|Any CPU = Debug|Any CPU
		Release|Any CPU = Release|Any CPU
	EndGlobalSection
	GlobalSection(ProjectConfigurationPlatforms) = postSolution
		{C58B3793-0858-4EA2-B2AB-00D9FD1D0610}.Debug|Any CPU.ActiveCfg = Debug|Any CPU
		{C58B3793-0858-4EA2-B2AB-00D9FD1D0610}.Debug|Any CPU.Build.0 = Debug|Any CPU
		{C58B3793-0858-4EA2-B2AB-00D9FD1D0610}.Release|Any CPU.ActiveCfg = Release|Any CPU
		{C58B3793-0858-4EA2-B2AB-00D9FD1D0610}.Release|Any CPU.Build.0 = Release|Any CPU
		{35612F88-F39D-4A2D-8C86-CCFC6ADB25E7}.Debug|Any CPU.ActiveCfg = Debug|Any CPU
		{35612F88-F39D-4A2D-8C86-CCFC6ADB25E7}.Debug|Any CPU.Build.0 = Debug|Any CPU
		{35612F88-F39D-4A2D-8C86-CCFC6ADB25E7}.Release|Any CPU.ActiveCfg = Release|Any CPU
		{35612F88-F39D-4A2D-8C86-CCFC6ADB25E7}.Release|Any CPU.Build.0 = Release|Any CPU
	EndGlobalSection
	GlobalSection(SolutionProperties) = preSolution
		HideSolutionNode = FALSE
	EndGlobalSection
	GlobalSection(ExtensibilityGlobals) = postSolution
		SolutionGuid = {E15C648E-1A36-474B-9AAB-25FB3A2D1ED2}
	EndGlobalSection
EndGlobal
